
Microsoft Visual Studio Solution File, Format Version 12.00
# Visual Studio Version 17
VisualStudioVersion = 17.0.31903.59
MinimumVisualStudioVersion = 10.0.40219.1
Project("{2150E333-8FDC-42A3-9474-1A3956D46DE8}") = "src", "src", "{FDE2F912-1607-4ED8-8B06-B761CE94B082}"
EndProject
Project("{FAE04EC0-301F-11D3-BF4B-00C04F79EFBC}") = "RealtimeDocsClone.Api", "src\RealtimeDocsClone.Api\RealtimeDocsClone.Api.csproj", "{1A00A075-0D0B-4E01-83B1-D4C3333FC259}"
EndProject
Project("{2150E333-8FDC-42A3-9474-1A3956D46DE8}") = "tests", "tests", "{8F01F437-DE31-4146-B106-CD02E2E9443B}"
EndProject
Project("{FAE04EC0-301F-11D3-BF4B-00C04F79EFBC}") = "RealtimeDocsClone.Tests", "tests\RealtimeDocsClone.Tests\RealtimeDocsClone.Tests.csproj", "{9BEA646C-176A-40A5-B4E7-40D1DF892EB4}"
EndProject
Global
	GlobalSection(SolutionConfigurationPlatforms) = preSolution
		Debug|Any CPU = Debug|Any CPU
		Release|Any CPU = Release|Any CPU
	EndGlobalSection
	GlobalSection(SolutionProperties) = preSolution
		HideSolutionNode = FALSE
	EndGlobalSection
	GlobalSection(ProjectConfigurationPlatforms) = postSolution
		{1A00A075-0D0B-4E01-83B1-D4C3333FC259}.Debug|Any CPU.ActiveCfg = Debug|Any CPU
		{1A00A075-0D0B-4E01-83B1-D4C3333FC259}.Debug|Any CPU.Build.0 = Debug|Any CPU
		{1A00A075-0D0B-4E01-83B1-D4C3333FC259}.Release|Any CPU.ActiveCfg = Release|Any CPU
		{1A00A075-0D0B-4E01-83B1-D4C3333FC259}.Release|Any CPU.Build.0 = Release|Any CPU
		{9BEA646C-176A-40A5-B4E7-40D1DF892EB4}.Debug|Any CPU.ActiveCfg = Debug|Any CPU
		{9BEA646C-176A-40A5-B4E7-40D1DF892EB4}.Debug|Any CPU.Build.0 = Debug|Any CPU
		{9BEA646C-176A-40A5-B4E7-40D1DF892EB4}.Release|Any CPU.ActiveCfg = Release|Any CPU
		{9BEA646C-176A-40A5-B4E7-40D1DF892EB4}.Release|Any CPU.Build.0 = Release|Any CPU
	EndGlobalSection
	GlobalSection(NestedProjects) = preSolution
		{1A00A075-0D0B-4E01-83B1-D4C3333FC259} = {FDE2F912-1607-4ED8-8B06-B761CE94B082}
		{9BEA646C-176A-40A5-B4E7-40D1DF892EB4} = {8F01F437-DE31-4146-B106-CD02E2E9443B}
	EndGlobalSection
EndGlobal
